{
  "name": "orchestrix",
  "version": "0.1.0",
  "lockfileVersion": 3,
  "requires": true,
  "packages": {
    "": {
      "name": "orchestrix",
      "version": "0.1.0",
      "dependencies": {
        "@boxlite-ai/boxlite": "^0.9.5"
      },
      "bin": {
        "orchestrix": "dist/src/index.js"
      },
      "devDependencies": {
        "@types/node": "^24.0.0",
        "typescript": "^5.9.0"
      },
      "engines": {
        "node": ">=22.19.0"
      }
    },
    "node_modules/@boxlite-ai/boxlite": {
      "version": "0.9.5",
      "resolved": "https://registry.npmmirror.com/@boxlite-ai/boxlite/-/boxlite-0.9.5.tgz",
      "integrity": "sha512-Wvg1Jov7BnoLDq2/lZUU1L7HWS49A5f407Xn/et5vRmdjbnGkTfQmOzfNbR+mEy69AcKKky40mKDIs3gy9h2tQ==",
      "license": "Apache-2.0",
      "workspaces": [
        "npm/*"
      ],
      "engines": {
        "node": ">=18.0.0"
      },
      "optionalDependencies": {
        "@boxlite-ai/boxlite-darwin-arm64": "0.9.5",
        "@boxlite-ai/boxlite-linux-arm64-gnu": "0.9.5",
        "@boxlite-ai/boxlite-linux-x64-gnu": "0.9.5"
      },
      "peerDependencies": {
        "playwright-core": ">=1.58.0"
      },
      "peerDependenciesMeta": {
        "playwright-core": {
          "optional": true
        }
      }
    },
    "node_modules/@boxlite-ai/boxlite-darwin-arm64": {
      "version": "0.9.5",
      "resolved": "https://registry.npmmirror.com/@boxlite-ai/boxlite-darwin-arm64/-/boxlite-darwin-arm64-0.9.5.tgz",
      "integrity": "sha512-5eMmAtSBUd7Cqa7zm+zJc4JyJukqzNV0PerUSG1PjSkb6AGZnXTcrshwp2ekXex0gXqeG2fMANKRoIRZ0M6AHQ==",
      "cpu": [
        "arm64"
      ],
      "license": "Apache-2.0",
      "optional": true,
      "os": [
        "darwin"
      ],
      "engines": {
        "node": ">=18.0.0"
      }
    },
    "node_modules/@boxlite-ai/boxlite/node_modules/@boxlite-ai/boxlite-linux-arm64-gnu": {
      "optional": true
    },
    "node_modules/@boxlite-ai/boxlite/node_modules/@boxlite-ai/boxlite-linux-x64-gnu": {
      "optional": true
    },
    "node_modules/@types/node": {
      "version": "24.12.4",
      "resolved": "https://registry.npmmirror.com/@types/node/-/node-24.12.4.tgz",
      "integrity": "sha512-GUUEShf+PBCGW2KaXwcIt3Yk+e3pkKwWKb9GSyM9WQVE+ep2jzmHdGsHzu4wgcZy5fN9FBdVzjpBQsYlpfpgLA==",
      "dev": true,
      "license": "MIT",
      "dependencies": {
        "undici-types": "~7.16.0"
      }
    },
    "node_modules/typescript": {
      "version": "5.9.3",
      "resolved": "https://registry.npmmirror.com/typescript/-/typescript-5.9.3.tgz",
      "integrity": "sha512-jl1vZzPDinLr9eUt3J/t7V6FgNEw9QjvBPdysz9KfQDD41fQrC2Y4vKQdiaUpFT4bXlb1RHhLpp8wtm6M5TgSw==",
      "dev": true,
      "license": "Apache-2.0",
      "bin": {
        "tsc": "bin/tsc",
        "tsserver": "bin/tsserver"
      },
      "engines": {
        "node": ">=14.17"
      }
    },
    "node_modules/undici-types": {
      "version": "7.16.0",
      "resolved": "https://registry.npmmirror.com/undici-types/-/undici-types-7.16.0.tgz",
      "integrity": "sha512-Zz+aZWSj8LE6zoxD+xrjh4VfkIG8Ya6LvYkZqtUQGJPZjYl53ypCaUwWqo7eI0x66KBGeRo+mlBEkMSeSZ38Nw==",
      "dev": true,
      "license": "MIT"
    }
  }
}
